{
  "name": "@xpr/http-kv",
  "version": "0.0.1",
  "lockfileVersion": 3,
  "requires": true,
  "packages": {
    "": {
      "name": "@xpr/http-kv",
      "version": "0.0.1",
      "license": "MIT",
      "devDependencies": {
        "@types/deno": "^2.0.0"
      }
    },
    "node_modules/@types/deno": {
      "version": "2.0.0",
      "resolved": "https://registry.npmjs.org/@types/deno/-/deno-2.0.0.tgz",
      "integrity": "sha512-O9/jRVlq93kqfkl4sYR5N7+Pz4ukzXVIbMnE/VgvpauNHsvjQ9iBVnJ3X0gAvMa2khcoFD8DSO7mQVCuiuDMPg==",
      "dev": true,
      "license": "MIT"
    }
  }
}
